
Microsoft Visual Studio Solution File, Format Version 12.00
# Visual Studio Version 17
VisualStudioVersion = 17.10.34928.147
MinimumVisualStudioVersion = 10.0.40219.1
Project("{FAE04EC0-301F-11D3-BF4B-00C04F79EFBC}") = "lab-4-Algoritmy-i-struktury-dannykh", "lab-4-Algoritmy-i-struktury-dannykh\lab-4-Algoritmy-i-struktury-dannykh.csproj", "{9990ACF2-0338-491D-B7A7-5FA80AA50340}"
EndProject
Global
	GlobalSection(SolutionConfigurationPlatforms) = preSolution
		Debug|Any CPU = Debug|Any CPU
		Release|Any CPU = Release|Any CPU
	EndGlobalSection
	GlobalSection(ProjectConfigurationPlatforms) = postSolution
		{9990ACF2-0338-491D-B7A7-5FA80AA50340}.Debug|Any CPU.ActiveCfg = Debug|Any CPU
		{9990ACF2-0338-491D-B7A7-5FA80AA50340}.Debug|Any CPU.Build.0 = Debug|Any CPU
		{9990ACF2-0338-491D-B7A7-5FA80AA50340}.Release|Any CPU.ActiveCfg = Release|Any CPU
		{9990ACF2-0338-491D-B7A7-5FA80AA50340}.Release|Any CPU.Build.0 = Release|Any CPU
	EndGlobalSection
	GlobalSection(SolutionProperties) = preSolution
		HideSolutionNode = FALSE
	EndGlobalSection
	GlobalSection(ExtensibilityGlobals) = postSolution
		SolutionGuid = {7D6AB59F-DFA9-4129-8DE9-0FEB1860ABDF}
	EndGlobalSection
EndGlobal
